
Microsoft Visual Studio Solution File, Format Version 12.00
# Visual Studio Version 17
VisualStudioVersion = 17.12.35323.107
MinimumVisualStudioVersion = 10.0.40219.1
Project("{FAE04EC0-301F-11D3-BF4B-00C04F79EFBC}") = "TrainingPractice", "TrainingPractice\TrainingPractice.csproj", "{F32F79E3-77BF-4A65-9794-89721FE2DDDA}"
EndProject
Project("{FAE04EC0-301F-11D3-BF4B-00C04F79EFBC}") = "TrainingPractice.Desktop", "TrainingPractice.Desktop\TrainingPractice.Desktop.csproj", "{5D7BF5AD-5CF1-4FD0-ABD2-2CC087A1D38A}"
EndProject
Global
	GlobalSection(SolutionConfigurationPlatforms) = preSolution
		Debug|Any CPU = Debug|Any CPU
		Release|Any CPU = Release|Any CPU
	EndGlobalSection
	GlobalSection(ProjectConfigurationPlatforms) = postSolution
		{F32F79E3-77BF-4A65-9794-89721FE2DDDA}.Debug|Any CPU.ActiveCfg = Debug|Any CPU
		{F32F79E3-77BF-4A65-9794-89721FE2DDDA}.Debug|Any CPU.Build.0 = Debug|Any CPU
		{F32F79E3-77BF-4A65-9794-89721FE2DDDA}.Release|Any CPU.ActiveCfg = Release|Any CPU
		{F32F79E3-77BF-4A65-9794-89721FE2DDDA}.Release|Any CPU.Build.0 = Release|Any CPU
		{5D7BF5AD-5CF1-4FD0-ABD2-2CC087A1D38A}.Debug|Any CPU.ActiveCfg = Debug|Any CPU
		{5D7BF5AD-5CF1-4FD0-ABD2-2CC087A1D38A}.Debug|Any CPU.Build.0 = Debug|Any CPU
		{5D7BF5AD-5CF1-4FD0-ABD2-2CC087A1D38A}.Release|Any CPU.ActiveCfg = Release|Any CPU
		{5D7BF5AD-5CF1-4FD0-ABD2-2CC087A1D38A}.Release|Any CPU.Build.0 = Release|Any CPU
	EndGlobalSection
	GlobalSection(SolutionProperties) = preSolution
		HideSolutionNode = FALSE
	EndGlobalSection
	GlobalSection(ExtensibilityGlobals) = postSolution
		SolutionGuid = {5454B2E8-1A66-4453-9626-E79A57808922}
	EndGlobalSection
EndGlobal
